# This file is automatically @generated by Cargo.
# It is not intended for manual editing.
version = 4

[[package]]
name = "slingshot-agent-connection"
version = "0.1.0"

[[package]]
name = "slingshot-agent-protocol"
version = "0.1.0"

[[package]]
name = "slingshot-command-line"
version = "0.1.0"

[[package]]
name = "slingshot-configuration"
version = "0.1.0"

[[package]]
name = "slingshot-daemon"
version = "0.1.0"

[[package]]
name = "slingshot-development"
version = "0.1.0"

[[package]]
name = "slingshot-domain"
version = "0.1.0"

[[package]]
name = "slingshot-local-protocol"
version = "0.1.0"

[[package]]
name = "slingshot-storage"
version = "0.1.0"

[[package]]
name = "slingshot-test-support"
version = "0.1.0"
